
Microsoft Visual Studio Solution File, Format Version 12.00
# Visual Studio Version 17
VisualStudioVersion = 17.14.36414.22
MinimumVisualStudioVersion = 10.0.40219.1
Project("{FAE04EC0-301F-11D3-BF4B-00C04F79EFBC}") = "Host", "Host\Host.csproj", "{D5A60875-FCC4-4C7B-A308-2C1244988E4C}"
EndProject
Project("{FAE04EC0-301F-11D3-BF4B-00C04F79EFBC}") = "1-Application", "Application\1-Application.csproj", "{63FB1464-ECB0-4962-8442-BB6458DB26ED}"
EndProject
Project("{FAE04EC0-301F-11D3-BF4B-00C04F79EFBC}") = "3-ViewModel", "ViewModel\3-ViewModel.csproj", "{7936D89F-1F85-4836-9DB9-AF0ACA79B789}"
EndProject
Project("{FAE04EC0-301F-11D3-BF4B-00C04F79EFBC}") = "3-ViewModel.Tests", "ViewModel.Tests\3-ViewModel.Tests.csproj", "{4EC58747-6DD4-47E5-A815-2E8C08F78DEF}"
EndProject
Project("{FAE04EC0-301F-11D3-BF4B-00C04F79EFBC}") = "2-Infrastructure", "Infrastructure\2-Infrastructure.csproj", "{78304136-8F4A-44C6-9AE3-1D6E78D07C84}"
EndProject
Project("{2150E333-8FDC-42A3-9474-1A3956D46DE8}") = "src", "src", "{02EA681E-C7D8-13C7-8484-4AC65E1B71E8}"
EndProject
Project("{2150E333-8FDC-42A3-9474-1A3956D46DE8}") = "tests", "tests", "{8F0DAF3B-8F7D-4EBC-9A56-802897FF46B9}"
EndProject
Project("{FAE04EC0-301F-11D3-BF4B-00C04F79EFBC}") = "4-View", "4-View\4-View.csproj", "{EEFC14C1-9290-4677-87AA-20792CDB9D88}"
EndProject
Global
	GlobalSection(SolutionConfigurationPlatforms) = preSolution
		Debug|Any CPU = Debug|Any CPU
		Release|Any CPU = Release|Any CPU
	EndGlobalSection
	GlobalSection(ProjectConfigurationPlatforms) = postSolution
		{D5A60875-FCC4-4C7B-A308-2C1244988E4C}.Debug|Any CPU.ActiveCfg = Debug|Any CPU
		{D5A60875-FCC4-4C7B-A308-2C1244988E4C}.Debug|Any CPU.Build.0 = Debug|Any CPU
		{D5A60875-FCC4-4C7B-A308-2C1244988E4C}.Release|Any CPU.ActiveCfg = Release|Any CPU
		{D5A60875-FCC4-4C7B-A308-2C1244988E4C}.Release|Any CPU.Build.0 = Release|Any CPU
		{63FB1464-ECB0-4962-8442-BB6458DB26ED}.Debug|Any CPU.ActiveCfg = Debug|Any CPU
		{63FB1464-ECB0-4962-8442-BB6458DB26ED}.Debug|Any CPU.Build.0 = Debug|Any CPU
		{63FB1464-ECB0-4962-8442-BB6458DB26ED}.Release|Any CPU.ActiveCfg = Release|Any CPU
		{63FB1464-ECB0-4962-8442-BB6458DB26ED}.Release|Any CPU.Build.0 = Release|Any CPU
		{7936D89F-1F85-4836-9DB9-AF0ACA79B789}.Debug|Any CPU.ActiveCfg = Debug|Any CPU
		{7936D89F-1F85-4836-9DB9-AF0ACA79B789}.Debug|Any CPU.Build.0 = Debug|Any CPU
		{7936D89F-1F85-4836-9DB9-AF0ACA79B789}.Release|Any CPU.ActiveCfg = Release|Any CPU
		{7936D89F-1F85-4836-9DB9-AF0ACA79B789}.Release|Any CPU.Build.0 = Release|Any CPU
		{4EC58747-6DD4-47E5-A815-2E8C08F78DEF}.Debug|Any CPU.ActiveCfg = Debug|Any CPU
		{4EC58747-6DD4-47E5-A815-2E8C08F78DEF}.Debug|Any CPU.Build.0 = Debug|Any CPU
		{4EC58747-6DD4-47E5-A815-2E8C08F78DEF}.Release|Any CPU.ActiveCfg = Release|Any CPU
		{4EC58747-6DD4-47E5-A815-2E8C08F78DEF}.Release|Any CPU.Build.0 = Release|Any CPU
		{78304136-8F4A-44C6-9AE3-1D6E78D07C84}.Debug|Any CPU.ActiveCfg = Debug|Any CPU
		{78304136-8F4A-44C6-9AE3-1D6E78D07C84}.Debug|Any CPU.Build.0 = Debug|Any CPU
		{78304136-8F4A-44C6-9AE3-1D6E78D07C84}.Release|Any CPU.ActiveCfg = Release|Any CPU
		{78304136-8F4A-44C6-9AE3-1D6E78D07C84}.Release|Any CPU.Build.0 = Release|Any CPU
		{EEFC14C1-9290-4677-87AA-20792CDB9D88}.Debug|Any CPU.ActiveCfg = Debug|Any CPU
		{EEFC14C1-9290-4677-87AA-20792CDB9D88}.Debug|Any CPU.Build.0 = Debug|Any CPU
		{EEFC14C1-9290-4677-87AA-20792CDB9D88}.Release|Any CPU.ActiveCfg = Release|Any CPU
		{EEFC14C1-9290-4677-87AA-20792CDB9D88}.Release|Any CPU.Build.0 = Release|Any CPU
	EndGlobalSection
	GlobalSection(SolutionProperties) = preSolution
		HideSolutionNode = FALSE
	EndGlobalSection
	GlobalSection(NestedProjects) = preSolution
		{63FB1464-ECB0-4962-8442-BB6458DB26ED} = {02EA681E-C7D8-13C7-8484-4AC65E1B71E8}
		{7936D89F-1F85-4836-9DB9-AF0ACA79B789} = {02EA681E-C7D8-13C7-8484-4AC65E1B71E8}
		{4EC58747-6DD4-47E5-A815-2E8C08F78DEF} = {8F0DAF3B-8F7D-4EBC-9A56-802897FF46B9}
		{78304136-8F4A-44C6-9AE3-1D6E78D07C84} = {02EA681E-C7D8-13C7-8484-4AC65E1B71E8}
		{EEFC14C1-9290-4677-87AA-20792CDB9D88} = {02EA681E-C7D8-13C7-8484-4AC65E1B71E8}
	EndGlobalSection
	GlobalSection(ExtensibilityGlobals) = postSolution
		SolutionGuid = {B13EEF2B-3C9B-49BF-A6F5-DAB5C9157AFF}
	EndGlobalSection
EndGlobal
