
Microsoft Visual Studio Solution File, Format Version 12.00
# Visual Studio Version 17
VisualStudioVersion = 17.14.36603.0
MinimumVisualStudioVersion = 10.0.40219.1
Project("{FAE04EC0-301F-11D3-BF4B-00C04F79EFBC}") = "FunctionApp1", "FunctionApp1\FunctionApp1.csproj", "{83363E20-377A-4F18-B5DB-8B052F8C7061}"
EndProject
Project("{FAE04EC0-301F-11D3-BF4B-00C04F79EFBC}") = "RankingServer", "RankingServer\RankingServer.csproj", "{BF556252-7B4C-434C-83B8-47B34591D043}"
EndProject
Project("{FAE04EC0-301F-11D3-BF4B-00C04F79EFBC}") = "1-Shared", "Shared\1-Shared.csproj", "{6A43CF2A-A5F7-43BA-AB23-2CEDDF108BFF}"
EndProject
Global
	GlobalSection(SolutionConfigurationPlatforms) = preSolution
		Debug|Any CPU = Debug|Any CPU
		Release|Any CPU = Release|Any CPU
	EndGlobalSection
	GlobalSection(ProjectConfigurationPlatforms) = postSolution
		{83363E20-377A-4F18-B5DB-8B052F8C7061}.Debug|Any CPU.ActiveCfg = Debug|Any CPU
		{83363E20-377A-4F18-B5DB-8B052F8C7061}.Debug|Any CPU.Build.0 = Debug|Any CPU
		{83363E20-377A-4F18-B5DB-8B052F8C7061}.Release|Any CPU.ActiveCfg = Release|Any CPU
		{83363E20-377A-4F18-B5DB-8B052F8C7061}.Release|Any CPU.Build.0 = Release|Any CPU
		{BF556252-7B4C-434C-83B8-47B34591D043}.Debug|Any CPU.ActiveCfg = Debug|Any CPU
		{BF556252-7B4C-434C-83B8-47B34591D043}.Debug|Any CPU.Build.0 = Debug|Any CPU
		{BF556252-7B4C-434C-83B8-47B34591D043}.Release|Any CPU.ActiveCfg = Release|Any CPU
		{BF556252-7B4C-434C-83B8-47B34591D043}.Release|Any CPU.Build.0 = Release|Any CPU
		{6A43CF2A-A5F7-43BA-AB23-2CEDDF108BFF}.Debug|Any CPU.ActiveCfg = Debug|Any CPU
		{6A43CF2A-A5F7-43BA-AB23-2CEDDF108BFF}.Debug|Any CPU.Build.0 = Debug|Any CPU
		{6A43CF2A-A5F7-43BA-AB23-2CEDDF108BFF}.Release|Any CPU.ActiveCfg = Release|Any CPU
		{6A43CF2A-A5F7-43BA-AB23-2CEDDF108BFF}.Release|Any CPU.Build.0 = Release|Any CPU
	EndGlobalSection
	GlobalSection(SolutionProperties) = preSolution
		HideSolutionNode = FALSE
	EndGlobalSection
	GlobalSection(ExtensibilityGlobals) = postSolution
		SolutionGuid = {A639169C-40C6-43B3-8CF5-222F51C5FB6D}
	EndGlobalSection
EndGlobal
