
Microsoft Visual Studio Solution File, Format Version 12.00
# Visual Studio Version 17
VisualStudioVersion = 17.14.36414.22
MinimumVisualStudioVersion = 10.0.40219.1
Project("{FAE04EC0-301F-11D3-BF4B-00C04F79EFBC}") = "Host", "Host\Host.csproj", "{36061DAF-80B2-44BC-A379-F8CECB77418B}"
EndProject
Project("{FAE04EC0-301F-11D3-BF4B-00C04F79EFBC}") = "1-Domain", "Domain\1-Domain.csproj", "{A3630BDA-BC1D-4908-90D3-80A6D6E7AB80}"
EndProject
Project("{FAE04EC0-301F-11D3-BF4B-00C04F79EFBC}") = "1-Domain.Tests", "Domain.Tests\1-Domain.Tests.csproj", "{D2195848-B113-4A5B-A2EB-52C4D4EE92FD}"
EndProject
Project("{FAE04EC0-301F-11D3-BF4B-00C04F79EFBC}") = "2-Application", "Application\2-Application.csproj", "{87E56992-1544-40D2-9EE6-61B818386C25}"
EndProject
Project("{FAE04EC0-301F-11D3-BF4B-00C04F79EFBC}") = "3-Infrastructure", "Infrastructure\3-Infrastructure.csproj", "{BA4202DA-6CB9-4BEB-A392-46FDCD194631}"
EndProject
Project("{FAE04EC0-301F-11D3-BF4B-00C04F79EFBC}") = "0-Common", "Common\0-Common.csproj", "{A0B42177-A845-53EE-3829-C25E5DB180F5}"
EndProject
Project("{FAE04EC0-301F-11D3-BF4B-00C04F79EFBC}") = "2-Application.Tests", "Application.Tests\2-Application.Tests.csproj", "{17D7F6ED-CB69-4779-9994-4F058B6A9697}"
EndProject
Project("{FAE04EC0-301F-11D3-BF4B-00C04F79EFBC}") = "IntegrationTests", "IntegrationTests\IntegrationTests.csproj", "{E1322504-3BA6-4552-A1D0-3F4587333487}"
EndProject
Project("{2150E333-8FDC-42A3-9474-1A3956D46DE8}") = "src", "src", "{02EA681E-C7D8-13C7-8484-4AC65E1B71E8}"
EndProject
Project("{2150E333-8FDC-42A3-9474-1A3956D46DE8}") = "tests", "tests", "{0A8F6E02-8451-483A-A2ED-5E869951C4F1}"
EndProject
Project("{FAE04EC0-301F-11D3-BF4B-00C04F79EFBC}") = "4-Presentaion", "Presentaion\4-Presentaion.csproj", "{6FE7CCF6-00B0-441D-8617-8A4AE9A9EB61}"
EndProject
Global
	GlobalSection(SolutionConfigurationPlatforms) = preSolution
		Debug|Any CPU = Debug|Any CPU
		Release|Any CPU = Release|Any CPU
	EndGlobalSection
	GlobalSection(ProjectConfigurationPlatforms) = postSolution
		{36061DAF-80B2-44BC-A379-F8CECB77418B}.Debug|Any CPU.ActiveCfg = Debug|Any CPU
		{36061DAF-80B2-44BC-A379-F8CECB77418B}.Debug|Any CPU.Build.0 = Debug|Any CPU
		{36061DAF-80B2-44BC-A379-F8CECB77418B}.Release|Any CPU.ActiveCfg = Release|Any CPU
		{36061DAF-80B2-44BC-A379-F8CECB77418B}.Release|Any CPU.Build.0 = Release|Any CPU
		{A3630BDA-BC1D-4908-90D3-80A6D6E7AB80}.Debug|Any CPU.ActiveCfg = Debug|Any CPU
		{A3630BDA-BC1D-4908-90D3-80A6D6E7AB80}.Debug|Any CPU.Build.0 = Debug|Any CPU
		{A3630BDA-BC1D-4908-90D3-80A6D6E7AB80}.Release|Any CPU.ActiveCfg = Release|Any CPU
		{A3630BDA-BC1D-4908-90D3-80A6D6E7AB80}.Release|Any CPU.Build.0 = Release|Any CPU
		{D2195848-B113-4A5B-A2EB-52C4D4EE92FD}.Debug|Any CPU.ActiveCfg = Debug|Any CPU
		{D2195848-B113-4A5B-A2EB-52C4D4EE92FD}.Debug|Any CPU.Build.0 = Debug|Any CPU
		{D2195848-B113-4A5B-A2EB-52C4D4EE92FD}.Release|Any CPU.ActiveCfg = Release|Any CPU
		{D2195848-B113-4A5B-A2EB-52C4D4EE92FD}.Release|Any CPU.Build.0 = Release|Any CPU
		{87E56992-1544-40D2-9EE6-61B818386C25}.Debug|Any CPU.ActiveCfg = Debug|Any CPU
		{87E56992-1544-40D2-9EE6-61B818386C25}.Debug|Any CPU.Build.0 = Debug|Any CPU
		{87E56992-1544-40D2-9EE6-61B818386C25}.Release|Any CPU.ActiveCfg = Release|Any CPU
		{87E56992-1544-40D2-9EE6-61B818386C25}.Release|Any CPU.Build.0 = Release|Any CPU
		{BA4202DA-6CB9-4BEB-A392-46FDCD194631}.Debug|Any CPU.ActiveCfg = Debug|Any CPU
		{BA4202DA-6CB9-4BEB-A392-46FDCD194631}.Debug|Any CPU.Build.0 = Debug|Any CPU
		{BA4202DA-6CB9-4BEB-A392-46FDCD194631}.Release|Any CPU.ActiveCfg = Release|Any CPU
		{BA4202DA-6CB9-4BEB-A392-46FDCD194631}.Release|Any CPU.Build.0 = Release|Any CPU
		{A0B42177-A845-53EE-3829-C25E5DB180F5}.Debug|Any CPU.ActiveCfg = Debug|Any CPU
		{A0B42177-A845-53EE-3829-C25E5DB180F5}.Debug|Any CPU.Build.0 = Debug|Any CPU
		{A0B42177-A845-53EE-3829-C25E5DB180F5}.Release|Any CPU.ActiveCfg = Release|Any CPU
		{A0B42177-A845-53EE-3829-C25E5DB180F5}.Release|Any CPU.Build.0 = Release|Any CPU
		{17D7F6ED-CB69-4779-9994-4F058B6A9697}.Debug|Any CPU.ActiveCfg = Debug|Any CPU
		{17D7F6ED-CB69-4779-9994-4F058B6A9697}.Debug|Any CPU.Build.0 = Debug|Any CPU
		{17D7F6ED-CB69-4779-9994-4F058B6A9697}.Release|Any CPU.ActiveCfg = Release|Any CPU
		{17D7F6ED-CB69-4779-9994-4F058B6A9697}.Release|Any CPU.Build.0 = Release|Any CPU
		{E1322504-3BA6-4552-A1D0-3F4587333487}.Debug|Any CPU.ActiveCfg = Debug|Any CPU
		{E1322504-3BA6-4552-A1D0-3F4587333487}.Debug|Any CPU.Build.0 = Debug|Any CPU
		{E1322504-3BA6-4552-A1D0-3F4587333487}.Release|Any CPU.ActiveCfg = Release|Any CPU
		{E1322504-3BA6-4552-A1D0-3F4587333487}.Release|Any CPU.Build.0 = Release|Any CPU
		{6FE7CCF6-00B0-441D-8617-8A4AE9A9EB61}.Debug|Any CPU.ActiveCfg = Debug|Any CPU
		{6FE7CCF6-00B0-441D-8617-8A4AE9A9EB61}.Debug|Any CPU.Build.0 = Debug|Any CPU
		{6FE7CCF6-00B0-441D-8617-8A4AE9A9EB61}.Release|Any CPU.ActiveCfg = Release|Any CPU
		{6FE7CCF6-00B0-441D-8617-8A4AE9A9EB61}.Release|Any CPU.Build.0 = Release|Any CPU
	EndGlobalSection
	GlobalSection(SolutionProperties) = preSolution
		HideSolutionNode = FALSE
	EndGlobalSection
	GlobalSection(NestedProjects) = preSolution
		{A3630BDA-BC1D-4908-90D3-80A6D6E7AB80} = {02EA681E-C7D8-13C7-8484-4AC65E1B71E8}
		{D2195848-B113-4A5B-A2EB-52C4D4EE92FD} = {0A8F6E02-8451-483A-A2ED-5E869951C4F1}
		{87E56992-1544-40D2-9EE6-61B818386C25} = {02EA681E-C7D8-13C7-8484-4AC65E1B71E8}
		{BA4202DA-6CB9-4BEB-A392-46FDCD194631} = {02EA681E-C7D8-13C7-8484-4AC65E1B71E8}
		{A0B42177-A845-53EE-3829-C25E5DB180F5} = {02EA681E-C7D8-13C7-8484-4AC65E1B71E8}
		{17D7F6ED-CB69-4779-9994-4F058B6A9697} = {0A8F6E02-8451-483A-A2ED-5E869951C4F1}
		{E1322504-3BA6-4552-A1D0-3F4587333487} = {0A8F6E02-8451-483A-A2ED-5E869951C4F1}
		{6FE7CCF6-00B0-441D-8617-8A4AE9A9EB61} = {02EA681E-C7D8-13C7-8484-4AC65E1B71E8}
	EndGlobalSection
	GlobalSection(ExtensibilityGlobals) = postSolution
		SolutionGuid = {92AF8369-2767-498D-B503-2B9D6A98FFD8}
	EndGlobalSection
EndGlobal
